
Microsoft Visual Studio Solution File, Format Version 12.00
# Visual Studio Version 17
VisualStudioVersion = 17.5.33424.131
MinimumVisualStudioVersion = 10.0.40219.1
Project("{F184B08F-C81C-45F6-A57F-5ABD9991F28F}") = "YategoImporter", "YategoImporter.vbproj", "{CEC698BF-DC1F-477A-9B90-0E93EAEA017F}"
EndProject
Global
	GlobalSection(SolutionConfigurationPlatforms) = preSolution
		Debug|Any CPU = Debug|Any CPU
		Release|Any CPU = Release|Any CPU
	EndGlobalSection
	GlobalSection(ProjectConfigurationPlatforms) = postSolution
		{CEC698BF-DC1F-477A-9B90-0E93EAEA017F}.Debug|Any CPU.ActiveCfg = Debug|Any CPU
		{CEC698BF-DC1F-477A-9B90-0E93EAEA017F}.Debug|Any CPU.Build.0 = Debug|Any CPU
		{CEC698BF-DC1F-477A-9B90-0E93EAEA017F}.Release|Any CPU.ActiveCfg = Release|Any CPU
		{CEC698BF-DC1F-477A-9B90-0E93EAEA017F}.Release|Any CPU.Build.0 = Release|Any CPU
	EndGlobalSection
	GlobalSection(SolutionProperties) = preSolution
		HideSolutionNode = FALSE
	EndGlobalSection
	GlobalSection(ExtensibilityGlobals) = postSolution
		SolutionGuid = {F5414932-2C38-4A01-AF66-B359CA810121}
	EndGlobalSection
EndGlobal
